
Microsoft Visual Studio Solution File, Format Version 12.00
# Visual Studio Version 17
VisualStudioVersion = 17.5.33414.496
MinimumVisualStudioVersion = 10.0.40219.1
Project("{FAE04EC0-301F-11D3-BF4B-00C04F79EFBC}") = "MyProject", "MyProject\MyProject.csproj", "{FF9B39F3-0779-4080-833C-3D85AFDD3C4B}"
EndProject
Global
	GlobalSection(SolutionConfigurationPlatforms) = preSolution
		Debug|Any CPU = Debug|Any CPU
		Release|Any CPU = Release|Any CPU
	EndGlobalSection
	GlobalSection(ProjectConfigurationPlatforms) = postSolution
		{FF9B39F3-0779-4080-833C-3D85AFDD3C4B}.Debug|Any CPU.ActiveCfg = Debug|Any CPU
		{FF9B39F3-0779-4080-833C-3D85AFDD3C4B}.Debug|Any CPU.Build.0 = Debug|Any CPU
		{FF9B39F3-0779-4080-833C-3D85AFDD3C4B}.Release|Any CPU.ActiveCfg = Release|Any CPU
		{FF9B39F3-0779-4080-833C-3D85AFDD3C4B}.Release|Any CPU.Build.0 = Release|Any CPU
	EndGlobalSection
	GlobalSection(SolutionProperties) = preSolution
		HideSolutionNode = FALSE
	EndGlobalSection
	GlobalSection(ExtensibilityGlobals) = postSolution
		SolutionGuid = {B856D849-E112-4583-BB6E-49CA0FB813EB}
	EndGlobalSection
EndGlobal
